
Microsoft Visual Studio Solution File, Format Version 12.00
# Visual Studio Version 16
VisualStudioVersion = 16.0.31112.23
MinimumVisualStudioVersion = 10.0.40219.1
Project("{FAE04EC0-301F-11D3-BF4B-00C04F79EFBC}") = "Ranel", "Ranel.csproj", "{40551988-BEFA-48E6-9191-620E3E63B40F}"
EndProject
Global
	GlobalSection(SolutionConfigurationPlatforms) = preSolution
		Debug|Any CPU = Debug|Any CPU
		Release|Any CPU = Release|Any CPU
	EndGlobalSection
	GlobalSection(ProjectConfigurationPlatforms) = postSolution
		{40551988-BEFA-48E6-9191-620E3E63B40F}.Debug|Any CPU.ActiveCfg = Debug|Any CPU
		{40551988-BEFA-48E6-9191-620E3E63B40F}.Debug|Any CPU.Build.0 = Debug|Any CPU
		{40551988-BEFA-48E6-9191-620E3E63B40F}.Release|Any CPU.ActiveCfg = Release|Any CPU
		{40551988-BEFA-48E6-9191-620E3E63B40F}.Release|Any CPU.Build.0 = Release|Any CPU
	EndGlobalSection
	GlobalSection(SolutionProperties) = preSolution
		HideSolutionNode = FALSE
	EndGlobalSection
	GlobalSection(ExtensibilityGlobals) = postSolution
		SolutionGuid = {FFDB59FC-CB4F-45E0-9BBD-3ABEDBDB8568}
	EndGlobalSection
EndGlobal
